
Microsoft Visual Studio Solution File, Format Version 12.00
# Visual Studio Version 17
VisualStudioVersion = 17.5.33414.496
MinimumVisualStudioVersion = 10.0.40219.1
Project("{FAE04EC0-301F-11D3-BF4B-00C04F79EFBC}") = "WeatherForecaster", "WeatherForecaster.csproj", "{B2346AF4-F541-43FF-B38C-22284F55BD50}"
EndProject
Global
	GlobalSection(SolutionConfigurationPlatforms) = preSolution
		Debug|Any CPU = Debug|Any CPU
		Release|Any CPU = Release|Any CPU
	EndGlobalSection
	GlobalSection(ProjectConfigurationPlatforms) = postSolution
		{B2346AF4-F541-43FF-B38C-22284F55BD50}.Debug|Any CPU.ActiveCfg = Debug|Any CPU
		{B2346AF4-F541-43FF-B38C-22284F55BD50}.Debug|Any CPU.Build.0 = Debug|Any CPU
		{B2346AF4-F541-43FF-B38C-22284F55BD50}.Release|Any CPU.ActiveCfg = Release|Any CPU
		{B2346AF4-F541-43FF-B38C-22284F55BD50}.Release|Any CPU.Build.0 = Release|Any CPU
	EndGlobalSection
	GlobalSection(SolutionProperties) = preSolution
		HideSolutionNode = FALSE
	EndGlobalSection
	GlobalSection(ExtensibilityGlobals) = postSolution
		SolutionGuid = {16DB3B19-31EA-40D5-874F-E079B364B3EA}
	EndGlobalSection
EndGlobal
